{
  "originHash" : "1df87e5ae6c63d405b5aefc66751d69eb397ca467aa572912fb3f0c96f781671",
  "pins" : [
    {
      "identity" : "eclipsekit",
      "kind" : "remoteSourceControl",
      "location" : "https://github.com/eclipseemu/eclipsekit.git",
      "state" : {
        "branch" : "main",
        "revision" : "ff40632228a1833f8bd22408f673f372786490f2"
      }
    }
  ],
  "version" : 3
}
