{
  "originHash" : "b378ea0d772339546bbdf92e92ae962575c7b1eae81fcab60aba354a3703a93a",
  "pins" : [
    {
      "identity" : "atomic-compat",
      "kind" : "remoteSourceControl",
      "location" : "https://github.com/magnetardev/atomic-compat",
      "state" : {
        "revision" : "fd9db27ebac00f5a0533bbdd3b6ae1984bb706cc",
        "version" : "1.0.0"
      }
    },
    {
      "identity" : "eclipsekit",
      "kind" : "remoteSourceControl",
      "location" : "https://github.com/eclipseemu/eclipsekit.git",
      "state" : {
        "branch" : "main",
        "revision" : "769df40ef9b8fbc1284716811391d7ad3066900a"
      }
    },
    {
      "identity" : "swift-atomics",
      "kind" : "remoteSourceControl",
      "location" : "https://github.com/apple/swift-atomics.git",
      "state" : {
        "revision" : "b601256eab081c0f92f059e12818ac1d4f178ff7",
        "version" : "1.3.0"
      }
    }
  ],
  "version" : 3
}
