{
  "originHash" : "1df87e5ae6c63d405b5aefc66751d69eb397ca467aa572912fb3f0c96f781671",
  "pins" : [
    {
      "identity" : "eclipsekit",
      "kind" : "remoteSourceControl",
      "location" : "https://github.com/eclipseemu/eclipsekit.git",
      "state" : {
        "branch" : "main",
        "revision" : "daba2fc457ff042c73a9f62e6a831695a54d12c2"
      }
    }
  ],
  "version" : 3
}
